
Microsoft Visual Studio Solution File, Format Version 12.00
# Visual Studio Version 17
VisualStudioVersion = 17.10.35013.160
MinimumVisualStudioVersion = 10.0.40219.1
Project("{9A19103F-16F7-4668-BE54-9A1E7A4F7556}") = "Account_MS.API", "Account-MS\Account_MS.API.csproj", "{ABE72941-B3F7-48F3-BD36-C4EFB5F982AD}"
EndProject
Project("{2150E333-8FDC-42A3-9474-1A3956D46DE8}") = "Account_MS", "Account_MS", "{311C2008-60D2-4C68-9E13-2C4C6B19BFB3}"
EndProject
Global
	GlobalSection(SolutionConfigurationPlatforms) = preSolution
		Debug|Any CPU = Debug|Any CPU
		Release|Any CPU = Release|Any CPU
	EndGlobalSection
	GlobalSection(ProjectConfigurationPlatforms) = postSolution
		{ABE72941-B3F7-48F3-BD36-C4EFB5F982AD}.Debug|Any CPU.ActiveCfg = Debug|Any CPU
		{ABE72941-B3F7-48F3-BD36-C4EFB5F982AD}.Debug|Any CPU.Build.0 = Debug|Any CPU
		{ABE72941-B3F7-48F3-BD36-C4EFB5F982AD}.Release|Any CPU.ActiveCfg = Release|Any CPU
		{ABE72941-B3F7-48F3-BD36-C4EFB5F982AD}.Release|Any CPU.Build.0 = Release|Any CPU
	EndGlobalSection
	GlobalSection(SolutionProperties) = preSolution
		HideSolutionNode = FALSE
	EndGlobalSection
	GlobalSection(NestedProjects) = preSolution
		{ABE72941-B3F7-48F3-BD36-C4EFB5F982AD} = {311C2008-60D2-4C68-9E13-2C4C6B19BFB3}
	EndGlobalSection
	GlobalSection(ExtensibilityGlobals) = postSolution
		SolutionGuid = {8EC1D6F3-457F-4CA5-85E8-DAABA32934FE}
	EndGlobalSection
EndGlobal
